
Microsoft Visual Studio Solution File, Format Version 12.00
# Visual Studio Version 17
VisualStudioVersion = 17.11.35303.130
MinimumVisualStudioVersion = 10.0.40219.1
Project("{FAE04EC0-301F-11D3-BF4B-00C04F79EFBC}") = "3D Printed Statues", "3D Printed Statues\3D Printed Statues.csproj", "{5DF4115F-A52E-459D-BC0E-355FE8C4DB79}"
EndProject
Global
	GlobalSection(SolutionConfigurationPlatforms) = preSolution
		Debug|Any CPU = Debug|Any CPU
		Release|Any CPU = Release|Any CPU
	EndGlobalSection
	GlobalSection(ProjectConfigurationPlatforms) = postSolution
		{5DF4115F-A52E-459D-BC0E-355FE8C4DB79}.Debug|Any CPU.ActiveCfg = Debug|Any CPU
		{5DF4115F-A52E-459D-BC0E-355FE8C4DB79}.Debug|Any CPU.Build.0 = Debug|Any CPU
		{5DF4115F-A52E-459D-BC0E-355FE8C4DB79}.Release|Any CPU.ActiveCfg = Release|Any CPU
		{5DF4115F-A52E-459D-BC0E-355FE8C4DB79}.Release|Any CPU.Build.0 = Release|Any CPU
	EndGlobalSection
	GlobalSection(SolutionProperties) = preSolution
		HideSolutionNode = FALSE
	EndGlobalSection
	GlobalSection(ExtensibilityGlobals) = postSolution
		SolutionGuid = {85FEBB44-F80A-4972-A445-D3260900CE3D}
	EndGlobalSection
EndGlobal
